PODS:
  - CL_ShanYanSDK (2.3.0.4)
  - Flutter (1.0.0)
  - flutter_audio_recorder (0.5.4):
    - Flutter
  - flutter_sound (0.0.1):
    - Flutter
  - fluwx_no_pay (0.0.1):
    - Flutter
  - FMDB (2.7.5):
    - FMDB/standard (= 2.7.5)
  - FMDB/standard (2.7.5)
  - image_cropper (0.0.2):
    - Flutter
    - TOCropViewController (~> 2.5.2)
  - image_picker (0.0.1):
    - Flutter
  - location (0.0.1):
    - Flutter
  - location_permissions (2.0.5):
    - Flutter
  - package_info (0.0.1):
    - Flutter
  - path_provider (0.0.1):
    - Flutter
  - path_provider_macos (0.0.1):
    - Flutter
  - shanyan (2.3.0.2):
    - CL_ShanYanSDK (~> 2.3.0.2)
    - Flutter
  - shared_preferences (0.0.1):
    - Flutter
  - shared_preferences_macos (0.0.1):
    - Flutter
  - shared_preferences_web (0.0.1):
    - Flutter
  - sqflite (0.0.1):
    - Flutter
    - FMDB (~> 2.7.2)
  - TOCropViewController (2.5.2)
  - umeng_analytics_plugin (0.0.1):
    - Flutter
    - UMengAnalytics-NO-IDFA
  - UMengAnalytics-NO-IDFA (4.2.5)
  - url_launcher (0.0.1):
    - Flutter
  - url_launcher_macos (0.0.1):
    - Flutter
  - url_launcher_web (0.0.1):
    - Flutter
  - webview_flutter (0.0.1):
    - Flutter

DEPENDENCIES:
  - Flutter (from `.symlinks/flutter/ios-release`)
  - flutter_audio_recorder (from `.symlinks/plugins/flutter_audio_recorder/ios`)
  - flutter_sound (from `.symlinks/plugins/flutter_sound/ios`)
  - fluwx_no_pay (from `.symlinks/plugins/fluwx_no_pay/ios`)
  - image_cropper (from `.symlinks/plugins/image_cropper/ios`)
  - image_picker (from `.symlinks/plugins/image_picker/ios`)
  - location (from `.symlinks/plugins/location/ios`)
  - location_permissions (from `.symlinks/plugins/location_permissions/ios`)
  - package_info (from `.symlinks/plugins/package_info/ios`)
  - path_provider (from `.symlinks/plugins/path_provider/ios`)
  - path_provider_macos (from `.symlinks/plugins/path_provider_macos/ios`)
  - shanyan (from `.symlinks/plugins/shanyan/ios`)
  - shared_preferences (from `.symlinks/plugins/shared_preferences/ios`)
  - shared_preferences_macos (from `.symlinks/plugins/shared_preferences_macos/ios`)
  - shared_preferences_web (from `.symlinks/plugins/shared_preferences_web/ios`)
  - sqflite (from `.symlinks/plugins/sqflite/ios`)
  - umeng_analytics_plugin (from `.symlinks/plugins/umeng_analytics_plugin/ios`)
  - url_launcher (from `.symlinks/plugins/url_launcher/ios`)
  - url_launcher_macos (from `.symlinks/plugins/url_launcher_macos/ios`)
  - url_launcher_web (from `.symlinks/plugins/url_launcher_web/ios`)
  - webview_flutter (from `.symlinks/plugins/webview_flutter/ios`)

SPEC REPOS:
  trunk:
    - CL_ShanYanSDK
    - FMDB
    - TOCropViewController
    - UMengAnalytics-NO-IDFA

EXTERNAL SOURCES:
  Flutter:
    :path: ".symlinks/flutter/ios-release"
  flutter_audio_recorder:
    :path: ".symlinks/plugins/flutter_audio_recorder/ios"
  flutter_sound:
    :path: ".symlinks/plugins/flutter_sound/ios"
  fluwx_no_pay:
    :path: ".symlinks/plugins/fluwx_no_pay/ios"
  image_cropper:
    :path: ".symlinks/plugins/image_cropper/ios"
  image_picker:
    :path: ".symlinks/plugins/image_picker/ios"
  location:
    :path: ".symlinks/plugins/location/ios"
  location_permissions:
    :path: ".symlinks/plugins/location_permissions/ios"
  package_info:
    :path: ".symlinks/plugins/package_info/ios"
  path_provider:
    :path: ".symlinks/plugins/path_provider/ios"
  path_provider_macos:
    :path: ".symlinks/plugins/path_provider_macos/ios"
  shanyan:
    :path: ".symlinks/plugins/shanyan/ios"
  shared_preferences:
    :path: ".symlinks/plugins/shared_preferences/ios"
  shared_preferences_macos:
    :path: ".symlinks/plugins/shared_preferences_macos/ios"
  shared_preferences_web:
    :path: ".symlinks/plugins/shared_preferences_web/ios"
  sqflite:
    :path: ".symlinks/plugins/sqflite/ios"
  umeng_analytics_plugin:
    :path: ".symlinks/plugins/umeng_analytics_plugin/ios"
  url_launcher:
    :path: ".symlinks/plugins/url_launcher/ios"
  url_launcher_macos:
    :path: ".symlinks/plugins/url_launcher_macos/ios"
  url_launcher_web:
    :path: ".symlinks/plugins/url_launcher_web/ios"
  webview_flutter:
    :path: ".symlinks/plugins/webview_flutter/ios"

SPEC CHECKSUMS:
  CL_ShanYanSDK: 27ed61e81e54b9d3ed0bb6ea05656ad2ee605f88
  Flutter: 0e3d915762c693b495b44d77113d4970485de6ec
  flutter_audio_recorder: eb998d4e75e59b39d9e3ca1818a5e0f3a82f5836
  flutter_sound: 0e8163ceac1e00eb6d894e2ae4641ba726a2c479
  fluwx_no_pay: 3003d5187cfd3c98712838f465960f4742b05999
  FMDB: 2ce00b547f966261cd18927a3ddb07cb6f3db82a
  image_cropper: 3c16d7651730ffe85897f5a1c4e2547e6b54989a
  image_picker: e3eacd46b94694dde7cf2705955cece853aa1a8f
  location: 3a2eed4dd2fab25e7b7baf2a9efefe82b512d740
  location_permissions: 4a49d4e5bec5b653643e551ab77963cc99bb0e4a
  package_info: 873975fc26034f0b863a300ad47e7f1ac6c7ec62
  path_provider: fb74bd0465e96b594bb3b5088ee4a4e7bb1f2a9d
  path_provider_macos: f760a3c5b04357c380e2fddb6f9db6f3015897e0
  shanyan: 9cccb7eaf1d903b79d1e9c7752d0a3b710bef3d9
  shared_preferences: 430726339841afefe5142b9c1f50cb6bd7793e01
  shared_preferences_macos: f3f29b71ccbb56bf40c9dd6396c9acf15e214087
  shared_preferences_web: 141cce0c3ed1a1c5bf2a0e44f52d31eeb66e5ea9
  sqflite: 4001a31ff81d210346b500c55b17f4d6c7589dd0
  TOCropViewController: e9da34f484aedd4e5d5a8ab230ba217cfe16c729
  umeng_analytics_plugin: 7035dfb8c5636e50429ab935125e5a3f0d23e72e
  UMengAnalytics-NO-IDFA: 16666e32edce5be44ae5b14aaaa7f3582e09d6ab
  url_launcher: 6fef411d543ceb26efce54b05a0a40bfd74cbbef
  url_launcher_macos: fd7894421cd39320dce5f292fc99ea9270b2a313
  url_launcher_web: e5527357f037c87560776e36436bf2b0288b965c
  webview_flutter: bec7599de6bfbe8008a739aa3ebd7b364ea9d0cd

PODFILE CHECKSUM: 2ef0a40072d836b2e62fb7fcb125a5e514afe953

COCOAPODS: 1.9.1
